
Microsoft Visual Studio Solution File, Format Version 12.00
# Visual Studio Version 17
VisualStudioVersion = 17.0.31903.59
MinimumVisualStudioVersion = 10.0.40219.1
Project("{6EC3EE1D-3C4E-46DD-8F32-0CC8E7565705}") = "Chap03", "Chap03\Chap03.fsproj", "{367E6F17-72A6-416B-B8F7-62BA035D84ED}"
EndProject
Project("{6EC3EE1D-3C4E-46DD-8F32-0CC8E7565705}") = "Chap04", "Chap04\Chap04.fsproj", "{3812ABB0-0434-4FA6-8749-C55327CC5206}"
EndProject
Project("{6EC3EE1D-3C4E-46DD-8F32-0CC8E7565705}") = "Chap05", "Chap05\Chap05.fsproj", "{1183CA96-FB99-468A-8DF4-C26BF1A4165B}"
EndProject
Project("{6EC3EE1D-3C4E-46DD-8F32-0CC8E7565705}") = "Chap06", "Chap06\Chap06.fsproj", "{32DA925E-F1C5-430C-913D-DAE6335DAE85}"
EndProject
Project("{6EC3EE1D-3C4E-46DD-8F32-0CC8E7565705}") = "Chap07", "Chap07\Chap07.fsproj", "{11EF8C8D-169B-41FE-B0B9-540EDB424040}"
EndProject
Project("{6EC3EE1D-3C4E-46DD-8F32-0CC8E7565705}") = "Chap08", "Chap08\Chap08.fsproj", "{111E4099-E316-4FFE-B0DE-5EA802D29E4F}"
EndProject
Project("{F2A71F9B-5D33-465A-A702-920D77279786}") = "Chap09", "Chap09\Chap09.fsproj", "{BBC7618F-F6FE-4309-A4E1-887C239F9087}"
EndProject
Global
	GlobalSection(SolutionConfigurationPlatforms) = preSolution
		Debug|Any CPU = Debug|Any CPU
		Release|Any CPU = Release|Any CPU
	EndGlobalSection
	GlobalSection(ProjectConfigurationPlatforms) = postSolution
		{367E6F17-72A6-416B-B8F7-62BA035D84ED}.Debug|Any CPU.ActiveCfg = Debug|Any CPU
		{367E6F17-72A6-416B-B8F7-62BA035D84ED}.Debug|Any CPU.Build.0 = Debug|Any CPU
		{367E6F17-72A6-416B-B8F7-62BA035D84ED}.Release|Any CPU.ActiveCfg = Release|Any CPU
		{367E6F17-72A6-416B-B8F7-62BA035D84ED}.Release|Any CPU.Build.0 = Release|Any CPU
		{3812ABB0-0434-4FA6-8749-C55327CC5206}.Debug|Any CPU.ActiveCfg = Debug|Any CPU
		{3812ABB0-0434-4FA6-8749-C55327CC5206}.Debug|Any CPU.Build.0 = Debug|Any CPU
		{3812ABB0-0434-4FA6-8749-C55327CC5206}.Release|Any CPU.ActiveCfg = Release|Any CPU
		{3812ABB0-0434-4FA6-8749-C55327CC5206}.Release|Any CPU.Build.0 = Release|Any CPU
		{1183CA96-FB99-468A-8DF4-C26BF1A4165B}.Debug|Any CPU.ActiveCfg = Debug|Any CPU
		{1183CA96-FB99-468A-8DF4-C26BF1A4165B}.Debug|Any CPU.Build.0 = Debug|Any CPU
		{1183CA96-FB99-468A-8DF4-C26BF1A4165B}.Release|Any CPU.ActiveCfg = Release|Any CPU
		{1183CA96-FB99-468A-8DF4-C26BF1A4165B}.Release|Any CPU.Build.0 = Release|Any CPU
		{32DA925E-F1C5-430C-913D-DAE6335DAE85}.Debug|Any CPU.ActiveCfg = Debug|Any CPU
		{32DA925E-F1C5-430C-913D-DAE6335DAE85}.Debug|Any CPU.Build.0 = Debug|Any CPU
		{32DA925E-F1C5-430C-913D-DAE6335DAE85}.Release|Any CPU.ActiveCfg = Release|Any CPU
		{32DA925E-F1C5-430C-913D-DAE6335DAE85}.Release|Any CPU.Build.0 = Release|Any CPU
		{11EF8C8D-169B-41FE-B0B9-540EDB424040}.Debug|Any CPU.ActiveCfg = Debug|Any CPU
		{11EF8C8D-169B-41FE-B0B9-540EDB424040}.Debug|Any CPU.Build.0 = Debug|Any CPU
		{11EF8C8D-169B-41FE-B0B9-540EDB424040}.Release|Any CPU.ActiveCfg = Release|Any CPU
		{11EF8C8D-169B-41FE-B0B9-540EDB424040}.Release|Any CPU.Build.0 = Release|Any CPU
		{111E4099-E316-4FFE-B0DE-5EA802D29E4F}.Debug|Any CPU.ActiveCfg = Debug|Any CPU
		{111E4099-E316-4FFE-B0DE-5EA802D29E4F}.Debug|Any CPU.Build.0 = Debug|Any CPU
		{111E4099-E316-4FFE-B0DE-5EA802D29E4F}.Release|Any CPU.ActiveCfg = Release|Any CPU
		{111E4099-E316-4FFE-B0DE-5EA802D29E4F}.Release|Any CPU.Build.0 = Release|Any CPU
		{BBC7618F-F6FE-4309-A4E1-887C239F9087}.Debug|Any CPU.ActiveCfg = Debug|Any CPU
		{BBC7618F-F6FE-4309-A4E1-887C239F9087}.Debug|Any CPU.Build.0 = Debug|Any CPU
		{BBC7618F-F6FE-4309-A4E1-887C239F9087}.Release|Any CPU.ActiveCfg = Release|Any CPU
		{BBC7618F-F6FE-4309-A4E1-887C239F9087}.Release|Any CPU.Build.0 = Release|Any CPU
	EndGlobalSection
	GlobalSection(SolutionProperties) = preSolution
		HideSolutionNode = FALSE
	EndGlobalSection
	GlobalSection(ExtensibilityGlobals) = postSolution
		SolutionGuid = {117F8B95-132E-4295-8CEA-C65A98347D0D}
	EndGlobalSection
EndGlobal
